
Microsoft Visual Studio Solution File, Format Version 12.00
# Visual Studio Version 16
VisualStudioVersion = 16.0.30320.27
MinimumVisualStudioVersion = 10.0.40219.1
Project("{FAE04EC0-301F-11D3-BF4B-00C04F79EFBC}") = "pivot", "pivot.csproj", "{002A7A49-7AE1-4252-93D4-A8577A0CEFE8}"
EndProject
Global
	GlobalSection(SolutionConfigurationPlatforms) = preSolution
		Debug|Any CPU = Debug|Any CPU
		Release|Any CPU = Release|Any CPU
	EndGlobalSection
	GlobalSection(ProjectConfigurationPlatforms) = postSolution
		{002A7A49-7AE1-4252-93D4-A8577A0CEFE8}.Debug|Any CPU.ActiveCfg = Debug|Any CPU
		{002A7A49-7AE1-4252-93D4-A8577A0CEFE8}.Debug|Any CPU.Build.0 = Debug|Any CPU
		{002A7A49-7AE1-4252-93D4-A8577A0CEFE8}.Release|Any CPU.ActiveCfg = Release|Any CPU
		{002A7A49-7AE1-4252-93D4-A8577A0CEFE8}.Release|Any CPU.Build.0 = Release|Any CPU
	EndGlobalSection
	GlobalSection(SolutionProperties) = preSolution
		HideSolutionNode = FALSE
	EndGlobalSection
	GlobalSection(ExtensibilityGlobals) = postSolution
		SolutionGuid = {24939EB7-05AE-4FE7-886E-3B747F74D5F2}
	EndGlobalSection
EndGlobal
